# This file is automatically @generated by Cargo.
# It is not intended for manual editing.
version = 4

[[package]]
name = "bcp-bytecode"
version = "0.1.0"
dependencies = [
 "bcp-parser",
 "bcp-typeck",
]

[[package]]
name = "bcp-cli"
version = "0.1.0"
dependencies = [
 "bcp-bytecode",
 "bcp-lexer",
 "bcp-parser",
 "bcp-typeck",
 "bcp-vm",
]

[[package]]
name = "bcp-integration"
version = "0.1.0"
dependencies = [
 "bcp-bytecode",
 "bcp-lexer",
 "bcp-parser",
 "bcp-typeck",
 "bcp-vm",
]

[[package]]
name = "bcp-lexer"
version = "0.1.0"

[[package]]
name = "bcp-parser"
version = "0.1.0"
dependencies = [
 "bcp-lexer",
]

[[package]]
name = "bcp-typeck"
version = "0.1.0"
dependencies = [
 "bcp-parser",
]

[[package]]
name = "bcp-vm"
version = "0.1.0"
dependencies = [
 "bcp-bytecode",
]
